// !$*UTF8*$!
{
	archiveVersion = 1;
	classes = {
	};
	objectVersion = 48;
	objects = {

/* Begin PBXBuildFile section */
		47120762201AC4A2000D584E /* RecommendViewController.swift in Sources */ = {isa = PBXBuildFile; fileRef = 47120761201AC4A2000D584E /* RecommendViewController.swift */; };
		47120765201ACE45000D584E /* CollectionHeaderView.swift in Sources */ = {isa = PBXBuildFile; fileRef = 47120763201ACE45000D584E /* CollectionHeaderView.swift */; };
		47120766201ACE45000D584E /* CollectionHeaderView.xib in Resources */ = {isa = PBXBuildFile; fileRef = 47120764201ACE45000D584E /* CollectionHeaderView.xib */; };
		47120769201AD250000D584E /* CollectionNormailCell.swift in Sources */ = {isa = PBXBuildFile; fileRef = 47120767201AD250000D584E /* CollectionNormailCell.swift */; };
		4712076A201AD250000D584E /* CollectionNormailCell.xib in Resources */ = {isa = PBXBuildFile; fileRef = 47120768201AD250000D584E /* CollectionNormailCell.xib */; };
		4712076D201AD6EF000D584E /* CollectionPrettyCell.swift in Sources */ = {isa = PBXBuildFile; fileRef = 4712076B201AD6EF000D584E /* CollectionPrettyCell.swift */; };
		4712076E201AD6EF000D584E /* CollectionPrettyCell.xib in Resources */ = {isa = PBXBuildFile; fileRef = 4712076C201AD6EF000D584E /* CollectionPrettyCell.xib */; };
		4751808B2016CDEC00D34EAA /* AppDelegate.swift in Sources */ = {isa = PBXBuildFile; fileRef = 4751808A2016CDEC00D34EAA /* AppDelegate.swift */; };
		475180902016CDEC00D34EAA /* Main.storyboard in Resources */ = {isa = PBXBuildFile; fileRef = 4751808E2016CDEC00D34EAA /* Main.storyboard */; };
		475180922016CDEC00D34EAA /* Assets.xcassets in Resources */ = {isa = PBXBuildFile; fileRef = 475180912016CDEC00D34EAA /* Assets.xcassets */; };
		475180952016CDEC00D34EAA /* LaunchScreen.storyboard in Resources */ = {isa = PBXBuildFile; fileRef = 475180932016CDEC00D34EAA /* LaunchScreen.storyboard */; };
		475180A02016CDEC00D34EAA /* DYDemoTests.swift in Sources */ = {isa = PBXBuildFile; fileRef = 4751809F2016CDEC00D34EAA /* DYDemoTests.swift */; };
		475180AB2016CDEC00D34EAA /* DYDemoUITests.swift in Sources */ = {isa = PBXBuildFile; fileRef = 475180AA2016CDEC00D34EAA /* DYDemoUITests.swift */; };
		475180C02016D27E00D34EAA /* Home.storyboard in Resources */ = {isa = PBXBuildFile; fileRef = 475180BE2016D27E00D34EAA /* Home.storyboard */; };
		475180C22016D29800D34EAA /* Live.storyboard in Resources */ = {isa = PBXBuildFile; fileRef = 475180C12016D29800D34EAA /* Live.storyboard */; };
		475180C52016D2AA00D34EAA /* Follow.storyboard in Resources */ = {isa = PBXBuildFile; fileRef = 475180C32016D2AA00D34EAA /* Follow.storyboard */; };
		475180C72016D2D300D34EAA /* Profile.storyboard in Resources */ = {isa = PBXBuildFile; fileRef = 475180C62016D2D300D34EAA /* Profile.storyboard */; };
		475180D22016D87000D34EAA /* MainViewController.swift in Sources */ = {isa = PBXBuildFile; fileRef = 475180D12016D87000D34EAA /* MainViewController.swift */; };
		475180D42016D8AB00D34EAA /* HomeViewController.swift in Sources */ = {isa = PBXBuildFile; fileRef = 475180D32016D8AB00D34EAA /* HomeViewController.swift */; };
		475180D72016DECB00D34EAA /* UIBarButtonItem-Extension.swift in Sources */ = {isa = PBXBuildFile; fileRef = 475180D62016DECB00D34EAA /* UIBarButtonItem-Extension.swift */; };
		475180D92016E60400D34EAA /* PageTitleView.swift in Sources */ = {isa = PBXBuildFile; fileRef = 475180D82016E60400D34EAA /* PageTitleView.swift */; };
		475180DB2016E78E00D34EAA /* Common.swift in Sources */ = {isa = PBXBuildFile; fileRef = 475180DA2016E78E00D34EAA /* Common.swift */; };
		475180DD2017123D00D34EAA /* PageContentView.swift in Sources */ = {isa = PBXBuildFile; fileRef = 475180DC2017123D00D34EAA /* PageContentView.swift */; };
		475180DF2017149A00D34EAA /* UIColor-Extention.swift in Sources */ = {isa = PBXBuildFile; fileRef = 475180DE2017149A00D34EAA /* UIColor-Extention.swift */; };
/* End PBXBuildFile section */

/* Begin PBXContainerItemProxy section */
		4751809C2016CDEC00D34EAA /* PBXContainerItemProxy */ = {
			isa = PBXContainerItemProxy;
			containerPortal = 4751807F2016CDEC00D34EAA /* Project object */;
			proxyType = 1;
			remoteGlobalIDString = 475180862016CDEC00D34EAA;
			remoteInfo = DYDemo;
		};
		475180A72016CDEC00D34EAA /* PBXContainerItemProxy */ = {
			isa = PBXContainerItemProxy;
			containerPortal = 4751807F2016CDEC00D34EAA /* Project object */;
			proxyType = 1;
			remoteGlobalIDString = 475180862016CDEC00D34EAA;
			remoteInfo = DYDemo;
		};
/* End PBXContainerItemProxy section */

/* Begin PBXFileReference section */
		47120761201AC4A2000D584E /* RecommendViewController.swift */ = {isa = PBXFileReference; lastKnownFileType = sourcecode.swift; path = RecommendViewController.swift; sourceTree = "<group>"; };
		47120763201ACE45000D584E /* CollectionHeaderView.swift */ = {isa = PBXFileReference; lastKnownFileType = sourcecode.swift; path = CollectionHeaderView.swift; sourceTree = "<group>"; };
		47120764201ACE45000D584E /* CollectionHeaderView.xib */ = {isa = PBXFileReference; lastKnownFileType = file.xib; path = CollectionHeaderView.xib; sourceTree = "<group>"; };
		47120767201AD250000D584E /* CollectionNormailCell.swift */ = {isa = PBXFileReference; lastKnownFileType = sourcecode.swift; path = CollectionNormailCell.swift; sourceTree = "<group>"; };
		47120768201AD250000D584E /* CollectionNormailCell.xib */ = {isa = PBXFileReference; lastKnownFileType = file.xib; path = CollectionNormailCell.xib; sourceTree = "<group>"; };
		4712076B201AD6EF000D584E /* CollectionPrettyCell.swift */ = {isa = PBXFileReference; lastKnownFileType = sourcecode.swift; path = CollectionPrettyCell.swift; sourceTree = "<group>"; };
		4712076C201AD6EF000D584E /* CollectionPrettyCell.xib */ = {isa = PBXFileReference; lastKnownFileType = file.xib; path = CollectionPrettyCell.xib; sourceTree = "<group>"; };
		475180872016CDEC00D34EAA /* DYDemo.app */ = {isa = PBXFileReference; explicitFileType = wrapper.application; includeInIndex = 0; path = DYDemo.app; sourceTree = BUILT_PRODUCTS_DIR; };
		4751808A2016CDEC00D34EAA /* AppDelegate.swift */ = {isa = PBXFileReference; lastKnownFileType = sourcecode.swift; path = AppDelegate.swift; sourceTree = "<group>"; };
		4751808F2016CDEC00D34EAA /* Base */ = {isa = PBXFileReference; lastKnownFileType = file.storyboard; name = Base; path = Base.lproj/Main.storyboard; sourceTree = "<group>"; };
		475180912016CDEC00D34EAA /* Assets.xcassets */ = {isa = PBXFileReference; lastKnownFileType = folder.assetcatalog; path = Assets.xcassets; sourceTree = "<group>"; };
		475180942016CDEC00D34EAA /* Base */ = {isa = PBXFileReference; lastKnownFileType = file.storyboard; name = Base; path = Base.lproj/LaunchScreen.storyboard; sourceTree = "<group>"; };
		475180962016CDEC00D34EAA /* Info.plist */ = {isa = PBXFileReference; lastKnownFileType = text.plist.xml; path = Info.plist; sourceTree = "<group>"; };
		4751809B2016CDEC00D34EAA /* DYDemoTests.xctest */ = {isa = PBXFileReference; explicitFileType = wrapper.cfbundle; includeInIndex = 0; path = DYDemoTests.xctest; sourceTree = BUILT_PRODUCTS_DIR; };
		4751809F2016CDEC00D34EAA /* DYDemoTests.swift */ = {isa = PBXFileReference; lastKnownFileType = sourcecode.swift; path = DYDemoTests.swift; sourceTree = "<group>"; };
		475180A12016CDEC00D34EAA /* Info.plist */ = {isa = PBXFileReference; lastKnownFileType = text.plist.xml; path = Info.plist; sourceTree = "<group>"; };
		475180A62016CDEC00D34EAA /* DYDemoUITests.xctest */ = {isa = PBXFileReference; explicitFileType = wrapper.cfbundle; includeInIndex = 0; path = DYDemoUITests.xctest; sourceTree = BUILT_PRODUCTS_DIR; };
		475180AA2016CDEC00D34EAA /* DYDemoUITests.swift */ = {isa = PBXFileReference; lastKnownFileType = sourcecode.swift; path = DYDemoUITests.swift; sourceTree = "<group>"; };
		475180AC2016CDEC00D34EAA /* Info.plist */ = {isa = PBXFileReference; lastKnownFileType = text.plist.xml; path = Info.plist; sourceTree = "<group>"; };
		475180BF2016D27E00D34EAA /* Base */ = {isa = PBXFileReference; lastKnownFileType = file.storyboard; name = Base; path = DYDemo/Base.lproj/Home.storyboard; sourceTree = "<group>"; };
		475180C12016D29800D34EAA /* Live.storyboard */ = {isa = PBXFileReference; fileEncoding = 4; lastKnownFileType = file.storyboard; path = Live.storyboard; sourceTree = "<group>"; };
		475180C42016D2AA00D34EAA /* Base */ = {isa = PBXFileReference; lastKnownFileType = file.storyboard; name = Base; path = DYDemo/Base.lproj/Follow.storyboard; sourceTree = "<group>"; };
		475180C62016D2D300D34EAA /* Profile.storyboard */ = {isa = PBXFileReference; fileEncoding = 4; lastKnownFileType = file.storyboard; path = Profile.storyboard; sourceTree = "<group>"; };
		475180D12016D87000D34EAA /* MainViewController.swift */ = {isa = PBXFileReference; fileEncoding = 4; lastKnownFileType = sourcecode.swift; path = MainViewController.swift; sourceTree = "<group>"; };
		475180D32016D8AB00D34EAA /* HomeViewController.swift */ = {isa = PBXFileReference; lastKnownFileType = sourcecode.swift; path = HomeViewController.swift; sourceTree = "<group>"; };
		475180D62016DECB00D34EAA /* UIBarButtonItem-Extension.swift */ = {isa = PBXFileReference; lastKnownFileType = sourcecode.swift; path = "UIBarButtonItem-Extension.swift"; sourceTree = "<group>"; };
		475180D82016E60400D34EAA /* PageTitleView.swift */ = {isa = PBXFileReference; lastKnownFileType = sourcecode.swift; path = PageTitleView.swift; sourceTree = "<group>"; };
		475180DA2016E78E00D34EAA /* Common.swift */ = {isa = PBXFileReference; lastKnownFileType = sourcecode.swift; path = Common.swift; sourceTree = "<group>"; };
		475180DC2017123D00D34EAA /* PageContentView.swift */ = {isa = PBXFileReference; lastKnownFileType = sourcecode.swift; path = PageContentView.swift; sourceTree = "<group>"; };
		475180DE2017149A00D34EAA /* UIColor-Extention.swift */ = {isa = PBXFileReference; lastKnownFileType = sourcecode.swift; path = "UIColor-Extention.swift"; sourceTree = "<group>"; };
/* End PBXFileReference section */

/* Begin PBXFrameworksBuildPhase section */
		475180842016CDEC00D34EAA /* Frameworks */ = {
			isa = PBXFrameworksBuildPhase;
			buildActionMask = 2147483647;
			files = (
			);
			runOnlyForDeploymentPostprocessing = 0;
		};
		475180982016CDEC00D34EAA /* Frameworks */ = {
			isa = PBXFrameworksBuildPhase;
			buildActionMask = 2147483647;
			files = (
			);
			runOnlyForDeploymentPostprocessing = 0;
		};
		475180A32016CDEC00D34EAA /* Frameworks */ = {
			isa = PBXFrameworksBuildPhase;
			buildActionMask = 2147483647;
			files = (
			);
			runOnlyForDeploymentPostprocessing = 0;
		};
/* End PBXFrameworksBuildPhase section */

/* Begin PBXGroup section */
		4751807E2016CDEC00D34EAA = {
			isa = PBXGroup;
			children = (
				475180892016CDEC00D34EAA /* DYDemo */,
				4751809E2016CDEC00D34EAA /* DYDemoTests */,
				475180A92016CDEC00D34EAA /* DYDemoUITests */,
				475180882016CDEC00D34EAA /* Products */,
			);
			sourceTree = "<group>";
		};
		475180882016CDEC00D34EAA /* Products */ = {
			isa = PBXGroup;
			children = (
				475180872016CDEC00D34EAA /* DYDemo.app */,
				4751809B2016CDEC00D34EAA /* DYDemoTests.xctest */,
				475180A62016CDEC00D34EAA /* DYDemoUITests.xctest */,
			);
			name = Products;
			sourceTree = "<group>";
		};
		475180892016CDEC00D34EAA /* DYDemo */ = {
			isa = PBXGroup;
			children = (
				475180B82016CE6C00D34EAA /* Classes */,
				4751808A2016CDEC00D34EAA /* AppDelegate.swift */,
				475180912016CDEC00D34EAA /* Assets.xcassets */,
				475180932016CDEC00D34EAA /* LaunchScreen.storyboard */,
				475180962016CDEC00D34EAA /* Info.plist */,
			);
			path = DYDemo;
			sourceTree = "<group>";
		};
		4751809E2016CDEC00D34EAA /* DYDemoTests */ = {
			isa = PBXGroup;
			children = (
				4751809F2016CDEC00D34EAA /* DYDemoTests.swift */,
				475180A12016CDEC00D34EAA /* Info.plist */,
			);
			path = DYDemoTests;
			sourceTree = "<group>";
		};
		475180A92016CDEC00D34EAA /* DYDemoUITests */ = {
			isa = PBXGroup;
			children = (
				475180AA2016CDEC00D34EAA /* DYDemoUITests.swift */,
				475180AC2016CDEC00D34EAA /* Info.plist */,
			);
			path = DYDemoUITests;
			sourceTree = "<group>";
		};
		475180B82016CE6C00D34EAA /* Classes */ = {
			isa = PBXGroup;
			children = (
				475180BD2016CE6C00D34EAA /* Main */,
				475180B92016CE6C00D34EAA /* Home */,
				475180BC2016CE6C00D34EAA /* Live */,
				475180BB2016CE6C00D34EAA /* Follow */,
				475180C82016D3EA00D34EAA /* Profile */,
				475180BA2016CE6C00D34EAA /* Tools */,
			);
			path = Classes;
			sourceTree = "<group>";
		};
		475180B92016CE6C00D34EAA /* Home */ = {
			isa = PBXGroup;
			children = (
				475180CD2016D81700D34EAA /* Model */,
				475180CB2016D81700D34EAA /* View */,
				475180CC2016D81700D34EAA /* Controller */,
			);
			path = Home;
			sourceTree = "<group>";
		};
		475180BA2016CE6C00D34EAA /* Tools */ = {
			isa = PBXGroup;
			children = (
				475180D52016DE9000D34EAA /* Extension */,
				475180DA2016E78E00D34EAA /* Common.swift */,
			);
			path = Tools;
			sourceTree = "<group>";
		};
		475180BB2016CE6C00D34EAA /* Follow */ = {
			isa = PBXGroup;
			children = (
				475180C32016D2AA00D34EAA /* Follow.storyboard */,
			);
			path = Follow;
			sourceTree = "<group>";
		};
		475180BC2016CE6C00D34EAA /* Live */ = {
			isa = PBXGroup;
			children = (
				475180C12016D29800D34EAA /* Live.storyboard */,
			);
			path = Live;
			sourceTree = "<group>";
		};
		475180BD2016CE6C00D34EAA /* Main */ = {
			isa = PBXGroup;
			children = (
				475180CF2016D86F00D34EAA /* Model */,
				475180CE2016D86F00D34EAA /* View */,
				475180D02016D87000D34EAA /* Controller */,
				4751808E2016CDEC00D34EAA /* Main.storyboard */,
			);
			path = Main;
			sourceTree = "<group>";
		};
		475180C82016D3EA00D34EAA /* Profile */ = {
			isa = PBXGroup;
			children = (
				475180C62016D2D300D34EAA /* Profile.storyboard */,
			);
			path = Profile;
			sourceTree = "<group>";
		};
		475180CB2016D81700D34EAA /* View */ = {
			isa = PBXGroup;
			children = (
				47120763201ACE45000D584E /* CollectionHeaderView.swift */,
				47120764201ACE45000D584E /* CollectionHeaderView.xib */,
			);
			path = View;
			sourceTree = "<group>";
		};
		475180CC2016D81700D34EAA /* Controller */ = {
			isa = PBXGroup;
			children = (
				475180BE2016D27E00D34EAA /* Home.storyboard */,
				475180D32016D8AB00D34EAA /* HomeViewController.swift */,
				47120761201AC4A2000D584E /* RecommendViewController.swift */,
			);
			path = Controller;
			sourceTree = "<group>";
		};
		475180CD2016D81700D34EAA /* Model */ = {
			isa = PBXGroup;
			children = (
			);
			path = Model;
			sourceTree = "<group>";
		};
		475180CE2016D86F00D34EAA /* View */ = {
			isa = PBXGroup;
			children = (
				475180D82016E60400D34EAA /* PageTitleView.swift */,
				475180DC2017123D00D34EAA /* PageContentView.swift */,
				47120767201AD250000D584E /* CollectionNormailCell.swift */,
				47120768201AD250000D584E /* CollectionNormailCell.xib */,
				4712076B201AD6EF000D584E /* CollectionPrettyCell.swift */,
				4712076C201AD6EF000D584E /* CollectionPrettyCell.xib */,
			);
			path = View;
			sourceTree = "<group>";
		};
		475180CF2016D86F00D34EAA /* Model */ = {
			isa = PBXGroup;
			children = (
			);
			path = Model;
			sourceTree = "<group>";
		};
		475180D02016D87000D34EAA /* Controller */ = {
			isa = PBXGroup;
			children = (
				475180D12016D87000D34EAA /* MainViewController.swift */,
			);
			path = Controller;
			sourceTree = "<group>";
		};
		475180D52016DE9000D34EAA /* Extension */ = {
			isa = PBXGroup;
			children = (
				475180D62016DECB00D34EAA /* UIBarButtonItem-Extension.swift */,
				475180DE2017149A00D34EAA /* UIColor-Extention.swift */,
			);
			path = Extension;
			sourceTree = "<group>";
		};
/* End PBXGroup section */

/* Begin PBXNativeTarget section */
		475180862016CDEC00D34EAA /* DYDemo */ = {
			isa = PBXNativeTarget;
			buildConfigurationList = 475180AF2016CDEC00D34EAA /* Build configuration list for PBXNativeTarget "DYDemo" */;
			buildPhases = (
				475180832016CDEC00D34EAA /* Sources */,
				475180842016CDEC00D34EAA /* Frameworks */,
				475180852016CDEC00D34EAA /* Resources */,
			);
			buildRules = (
			);
			dependencies = (
			);
			name = DYDemo;
			productName = DYDemo;
			productReference = 475180872016CDEC00D34EAA /* DYDemo.app */;
			productType = "com.apple.product-type.application";
		};
		4751809A2016CDEC00D34EAA /* DYDemoTests */ = {
			isa = PBXNativeTarget;
			buildConfigurationList = 475180B22016CDEC00D34EAA /* Build configuration list for PBXNativeTarget "DYDemoTests" */;
			buildPhases = (
				475180972016CDEC00D34EAA /* Sources */,
				475180982016CDEC00D34EAA /* Frameworks */,
				475180992016CDEC00D34EAA /* Resources */,
			);
			buildRules = (
			);
			dependencies = (
				4751809D2016CDEC00D34EAA /* PBXTargetDependency */,
			);
			name = DYDemoTests;
			productName = DYDemoTests;
			productReference = 4751809B2016CDEC00D34EAA /* DYDemoTests.xctest */;
			productType = "com.apple.product-type.bundle.unit-test";
		};
		475180A52016CDEC00D34EAA /* DYDemoUITests */ = {
			isa = PBXNativeTarget;
			buildConfigurationList = 475180B52016CDEC00D34EAA /* Build configuration list for PBXNativeTarget "DYDemoUITests" */;
			buildPhases = (
				475180A22016CDEC00D34EAA /* Sources */,
				475180A32016CDEC00D34EAA /* Frameworks */,
				475180A42016CDEC00D34EAA /* Resources */,
			);
			buildRules = (
			);
			dependencies = (
				475180A82016CDEC00D34EAA /* PBXTargetDependency */,
			);
			name = DYDemoUITests;
			productName = DYDemoUITests;
			productReference = 475180A62016CDEC00D34EAA /* DYDemoUITests.xctest */;
			productType = "com.apple.product-type.bundle.ui-testing";
		};
/* End PBXNativeTarget section */

/* Begin PBXProject section */
		4751807F2016CDEC00D34EAA /* Project object */ = {
			isa = PBXProject;
			attributes = {
				LastSwiftUpdateCheck = 0920;
				LastUpgradeCheck = 0920;
				ORGANIZATIONNAME = hc;
				TargetAttributes = {
					475180862016CDEC00D34EAA = {
						CreatedOnToolsVersion = 9.2;
						ProvisioningStyle = Automatic;
					};
					4751809A2016CDEC00D34EAA = {
						CreatedOnToolsVersion = 9.2;
						ProvisioningStyle = Automatic;
						TestTargetID = 475180862016CDEC00D34EAA;
					};
					475180A52016CDEC00D34EAA = {
						CreatedOnToolsVersion = 9.2;
						ProvisioningStyle = Automatic;
						TestTargetID = 475180862016CDEC00D34EAA;
					};
				};
			};
			buildConfigurationList = 475180822016CDEC00D34EAA /* Build configuration list for PBXProject "DYDemo" */;
			compatibilityVersion = "Xcode 8.0";
			developmentRegion = en;
			hasScannedForEncodings = 0;
			knownRegions = (
				en,
				Base,
			);
			mainGroup = 4751807E2016CDEC00D34EAA;
			productRefGroup = 475180882016CDEC00D34EAA /* Products */;
			projectDirPath = "";
			projectRoot = "";
			targets = (
				475180862016CDEC00D34EAA /* DYDemo */,
				4751809A2016CDEC00D34EAA /* DYDemoTests */,
				475180A52016CDEC00D34EAA /* DYDemoUITests */,
			);
		};
/* End PBXProject section */

/* Begin PBXResourcesBuildPhase section */
		475180852016CDEC00D34EAA /* Resources */ = {
			isa = PBXResourcesBuildPhase;
			buildActionMask = 2147483647;
			files = (
				475180952016CDEC00D34EAA /* LaunchScreen.storyboard in Resources */,
				47120766201ACE45000D584E /* CollectionHeaderView.xib in Resources */,
				475180922016CDEC00D34EAA /* Assets.xcassets in Resources */,
				4712076A201AD250000D584E /* CollectionNormailCell.xib in Resources */,
				475180902016CDEC00D34EAA /* Main.storyboard in Resources */,
				475180C22016D29800D34EAA /* Live.storyboard in Resources */,
				475180C02016D27E00D34EAA /* Home.storyboard in Resources */,
				4712076E201AD6EF000D584E /* CollectionPrettyCell.xib in Resources */,
				475180C72016D2D300D34EAA /* Profile.storyboard in Resources */,
				475180C52016D2AA00D34EAA /* Follow.storyboard in Resources */,
			);
			runOnlyForDeploymentPostprocessing = 0;
		};
		475180992016CDEC00D34EAA /* Resources */ = {
			isa = PBXResourcesBuildPhase;
			buildActionMask = 2147483647;
			files = (
			);
			runOnlyForDeploymentPostprocessing = 0;
		};
		475180A42016CDEC00D34EAA /* Resources */ = {
			isa = PBXResourcesBuildPhase;
			buildActionMask = 2147483647;
			files = (
			);
			runOnlyForDeploymentPostprocessing = 0;
		};
/* End PBXResourcesBuildPhase section */

/* Begin PBXSourcesBuildPhase section */
		475180832016CDEC00D34EAA /* Sources */ = {
			isa = PBXSourcesBuildPhase;
			buildActionMask = 2147483647;
			files = (
				47120769201AD250000D584E /* CollectionNormailCell.swift in Sources */,
				4751808B2016CDEC00D34EAA /* AppDelegate.swift in Sources */,
				47120765201ACE45000D584E /* CollectionHeaderView.swift in Sources */,
				475180D22016D87000D34EAA /* MainViewController.swift in Sources */,
				47120762201AC4A2000D584E /* RecommendViewController.swift in Sources */,
				475180DF2017149A00D34EAA /* UIColor-Extention.swift in Sources */,
				475180D92016E60400D34EAA /* PageTitleView.swift in Sources */,
				475180DD2017123D00D34EAA /* PageContentView.swift in Sources */,
				475180D72016DECB00D34EAA /* UIBarButtonItem-Extension.swift in Sources */,
				4712076D201AD6EF000D584E /* CollectionPrettyCell.swift in Sources */,
				475180DB2016E78E00D34EAA /* Common.swift in Sources */,
				475180D42016D8AB00D34EAA /* HomeViewController.swift in Sources */,
			);
			runOnlyForDeploymentPostprocessing = 0;
		};
		475180972016CDEC00D34EAA /* Sources */ = {
			isa = PBXSourcesBuildPhase;
			buildActionMask = 2147483647;
			files = (
				475180A02016CDEC00D34EAA /* DYDemoTests.swift in Sources */,
			);
			runOnlyForDeploymentPostprocessing = 0;
		};
		475180A22016CDEC00D34EAA /* Sources */ = {
			isa = PBXSourcesBuildPhase;
			buildActionMask = 2147483647;
			files = (
				475180AB2016CDEC00D34EAA /* DYDemoUITests.swift in Sources */,
			);
			runOnlyForDeploymentPostprocessing = 0;
		};
/* End PBXSourcesBuildPhase section */

/* Begin PBXTargetDependency section */
		4751809D2016CDEC00D34EAA /* PBXTargetDependency */ = {
			isa = PBXTargetDependency;
			target = 475180862016CDEC00D34EAA /* DYDemo */;
			targetProxy = 4751809C2016CDEC00D34EAA /* PBXContainerItemProxy */;
		};
		475180A82016CDEC00D34EAA /* PBXTargetDependency */ = {
			isa = PBXTargetDependency;
			target = 475180862016CDEC00D34EAA /* DYDemo */;
			targetProxy = 475180A72016CDEC00D34EAA /* PBXContainerItemProxy */;
		};
/* End PBXTargetDependency section */

/* Begin PBXVariantGroup section */
		4751808E2016CDEC00D34EAA /* Main.storyboard */ = {
			isa = PBXVariantGroup;
			children = (
				4751808F2016CDEC00D34EAA /* Base */,
			);
			name = Main.storyboard;
			sourceTree = "<group>";
		};
		475180932016CDEC00D34EAA /* LaunchScreen.storyboard */ = {
			isa = PBXVariantGroup;
			children = (
				475180942016CDEC00D34EAA /* Base */,
			);
			name = LaunchScreen.storyboard;
			sourceTree = "<group>";
		};
		475180BE2016D27E00D34EAA /* Home.storyboard */ = {
			isa = PBXVariantGroup;
			children = (
				475180BF2016D27E00D34EAA /* Base */,
			);
			name = Home.storyboard;
			sourceTree = "<group>";
		};
		475180C32016D2AA00D34EAA /* Follow.storyboard */ = {
			isa = PBXVariantGroup;
			children = (
				475180C42016D2AA00D34EAA /* Base */,
			);
			name = Follow.storyboard;
			sourceTree = "<group>";
		};
/* End PBXVariantGroup section */

/* Begin XCBuildConfiguration section */
		475180AD2016CDEC00D34EAA /* Debug */ = {
			isa = XCBuildConfiguration;
			buildSettings = {
				ALWAYS_SEARCH_USER_PATHS = NO;
				CLANG_ANALYZER_NONNULL = YES;
				CLANG_ANALYZER_NUMBER_OBJECT_CONVERSION = YES_AGGRESSIVE;
				CLANG_CXX_LANGUAGE_STANDARD = "gnu++14";
				CLANG_CXX_LIBRARY = "libc++";
				CLANG_ENABLE_MODULES = YES;
				CLANG_ENABLE_OBJC_ARC = YES;
				CLANG_WARN_BLOCK_CAPTURE_AUTORELEASING = YES;
				CLANG_WARN_BOOL_CONVERSION = YES;
				CLANG_WARN_COMMA = YES;
				CLANG_WARN_CONSTANT_CONVERSION = YES;
				CLANG_WARN_DIRECT_OBJC_ISA_USAGE = YES_ERROR;
				CLANG_WARN_DOCUMENTATION_COMMENTS = YES;
				CLANG_WARN_EMPTY_BODY = YES;
				CLANG_WARN_ENUM_CONVERSION = YES;
				CLANG_WARN_INFINITE_RECURSION = YES;
				CLANG_WARN_INT_CONVERSION = YES;
				CLANG_WARN_NON_LITERAL_NULL_CONVERSION = YES;
				CLANG_WARN_OBJC_LITERAL_CONVERSION = YES;
				CLANG_WARN_OBJC_ROOT_CLASS = YES_ERROR;
				CLANG_WARN_RANGE_LOOP_ANALYSIS = YES;
				CLANG_WARN_STRICT_PROTOTYPES = YES;
				CLANG_WARN_SUSPICIOUS_MOVE = YES;
				CLANG_WARN_UNGUARDED_AVAILABILITY = YES_AGGRESSIVE;
				CLANG_WARN_UNREACHABLE_CODE = YES;
				CLANG_WARN__DUPLICATE_METHOD_MATCH = YES;
				CODE_SIGN_IDENTITY = "iPhone Developer";
				COPY_PHASE_STRIP = NO;
				DEBUG_INFORMATION_FORMAT = dwarf;
				ENABLE_STRICT_OBJC_MSGSEND = YES;
				ENABLE_TESTABILITY = YES;
				GCC_C_LANGUAGE_STANDARD = gnu11;
				GCC_DYNAMIC_NO_PIC = NO;
				GCC_NO_COMMON_BLOCKS = YES;
				GCC_OPTIMIZATION_LEVEL = 0;
				GCC_PREPROCESSOR_DEFINITIONS = (
					"DEBUG=1",
					"$(inherited)",
				);
				GCC_WARN_64_TO_32_BIT_CONVERSION = YES;
				GCC_WARN_ABOUT_RETURN_TYPE = YES_ERROR;
				GCC_WARN_UNDECLARED_SELECTOR = YES;
				GCC_WARN_UNINITIALIZED_AUTOS = YES_AGGRESSIVE;
				GCC_WARN_UNUSED_FUNCTION = YES;
				GCC_WARN_UNUSED_VARIABLE = YES;
				IPHONEOS_DEPLOYMENT_TARGET = 11.2;
				MTL_ENABLE_DEBUG_INFO = YES;
				ONLY_ACTIVE_ARCH = YES;
				SDKROOT = iphoneos;
				SWIFT_ACTIVE_COMPILATION_CONDITIONS = DEBUG;
				SWIFT_OPTIMIZATION_LEVEL = "-Onone";
			};
			name = Debug;
		};
		475180AE2016CDEC00D34EAA /* Release */ = {
			isa = XCBuildConfiguration;
			buildSettings = {
				ALWAYS_SEARCH_USER_PATHS = NO;
				CLANG_ANALYZER_NONNULL = YES;
				CLANG_ANALYZER_NUMBER_OBJECT_CONVERSION = YES_AGGRESSIVE;
				CLANG_CXX_LANGUAGE_STANDARD = "gnu++14";
				CLANG_CXX_LIBRARY = "libc++";
				CLANG_ENABLE_MODULES = YES;
				CLANG_ENABLE_OBJC_ARC = YES;
				CLANG_WARN_BLOCK_CAPTURE_AUTORELEASING = YES;
				CLANG_WARN_BOOL_CONVERSION = YES;
				CLANG_WARN_COMMA = YES;
				CLANG_WARN_CONSTANT_CONVERSION = YES;
				CLANG_WARN_DIRECT_OBJC_ISA_USAGE = YES_ERROR;
				CLANG_WARN_DOCUMENTATION_COMMENTS = YES;
				CLANG_WARN_EMPTY_BODY = YES;
				CLANG_WARN_ENUM_CONVERSION = YES;
				CLANG_WARN_INFINITE_RECURSION = YES;
				CLANG_WARN_INT_CONVERSION = YES;
				CLANG_WARN_NON_LITERAL_NULL_CONVERSION = YES;
				CLANG_WARN_OBJC_LITERAL_CONVERSION = YES;
				CLANG_WARN_OBJC_ROOT_CLASS = YES_ERROR;
				CLANG_WARN_RANGE_LOOP_ANALYSIS = YES;
				CLANG_WARN_STRICT_PROTOTYPES = YES;
				CLANG_WARN_SUSPICIOUS_MOVE = YES;
				CLANG_WARN_UNGUARDED_AVAILABILITY = YES_AGGRESSIVE;
				CLANG_WARN_UNREACHABLE_CODE = YES;
				CLANG_WARN__DUPLICATE_METHOD_MATCH = YES;
				CODE_SIGN_IDENTITY = "iPhone Developer";
				COPY_PHASE_STRIP = NO;
				DEBUG_INFORMATION_FORMAT = "dwarf-with-dsym";
				ENABLE_NS_ASSERTIONS = NO;
				ENABLE_STRICT_OBJC_MSGSEND = YES;
				GCC_C_LANGUAGE_STANDARD = gnu11;
				GCC_NO_COMMON_BLOCKS = YES;
				GCC_WARN_64_TO_32_BIT_CONVERSION = YES;
				GCC_WARN_ABOUT_RETURN_TYPE = YES_ERROR;
				GCC_WARN_UNDECLARED_SELECTOR = YES;
				GCC_WARN_UNINITIALIZED_AUTOS = YES_AGGRESSIVE;
				GCC_WARN_UNUSED_FUNCTION = YES;
				GCC_WARN_UNUSED_VARIABLE = YES;
				IPHONEOS_DEPLOYMENT_TARGET = 11.2;
				MTL_ENABLE_DEBUG_INFO = NO;
				SDKROOT = iphoneos;
				SWIFT_OPTIMIZATION_LEVEL = "-Owholemodule";
				VALIDATE_PRODUCT = YES;
			};
			name = Release;
		};
		475180B02016CDEC00D34EAA /* Debug */ = {
			isa = XCBuildConfiguration;
			buildSettings = {
				ASSETCATALOG_COMPILER_APPICON_NAME = AppIcon;
				ASSETCATALOG_COMPILER_LAUNCHIMAGE_NAME = LaunchImage;
				CODE_SIGN_STYLE = Automatic;
				DEVELOPMENT_TEAM = ST4ES9Z85Q;
				INFOPLIST_FILE = DYDemo/Info.plist;
				IPHONEOS_DEPLOYMENT_TARGET = 8.0;
				LD_RUNPATH_SEARCH_PATHS = "$(inherited) @executable_path/Frameworks";
				PRODUCT_BUNDLE_IDENTIFIER = com.hc.DYDemo;
				PRODUCT_NAME = "$(TARGET_NAME)";
				SWIFT_VERSION = 4.0;
				TARGETED_DEVICE_FAMILY = 1;
			};
			name = Debug;
		};
		475180B12016CDEC00D34EAA /* Release */ = {
			isa = XCBuildConfiguration;
			buildSettings = {
				ASSETCATALOG_COMPILER_APPICON_NAME = AppIcon;
				ASSETCATALOG_COMPILER_LAUNCHIMAGE_NAME = LaunchImage;
				CODE_SIGN_STYLE = Automatic;
				DEVELOPMENT_TEAM = ST4ES9Z85Q;
				INFOPLIST_FILE = DYDemo/Info.plist;
				IPHONEOS_DEPLOYMENT_TARGET = 8.0;
				LD_RUNPATH_SEARCH_PATHS = "$(inherited) @executable_path/Frameworks";
				PRODUCT_BUNDLE_IDENTIFIER = com.hc.DYDemo;
				PRODUCT_NAME = "$(TARGET_NAME)";
				SWIFT_VERSION = 4.0;
				TARGETED_DEVICE_FAMILY = 1;
			};
			name = Release;
		};
		475180B32016CDEC00D34EAA /* Debug */ = {
			isa = XCBuildConfiguration;
			buildSettings = {
				ALWAYS_EMBED_SWIFT_STANDARD_LIBRARIES = YES;
				BUNDLE_LOADER = "$(TEST_HOST)";
				CODE_SIGN_STYLE = Automatic;
				INFOPLIST_FILE = DYDemoTests/Info.plist;
				LD_RUNPATH_SEARCH_PATHS = "$(inherited) @executable_path/Frameworks @loader_path/Frameworks";
				PRODUCT_BUNDLE_IDENTIFIER = com.hc.DYDemoTests;
				PRODUCT_NAME = "$(TARGET_NAME)";
				SWIFT_VERSION = 4.0;
				TARGETED_DEVICE_FAMILY = "1,2";
				TEST_HOST = "$(BUILT_PRODUCTS_DIR)/DYDemo.app/DYDemo";
			};
			name = Debug;
		};
		475180B42016CDEC00D34EAA /* Release */ = {
			isa = XCBuildConfiguration;
			buildSettings = {
				ALWAYS_EMBED_SWIFT_STANDARD_LIBRARIES = YES;
				BUNDLE_LOADER = "$(TEST_HOST)";
				CODE_SIGN_STYLE = Automatic;
				INFOPLIST_FILE = DYDemoTests/Info.plist;
				LD_RUNPATH_SEARCH_PATHS = "$(inherited) @executable_path/Frameworks @loader_path/Frameworks";
				PRODUCT_BUNDLE_IDENTIFIER = com.hc.DYDemoTests;
				PRODUCT_NAME = "$(TARGET_NAME)";
				SWIFT_VERSION = 4.0;
				TARGETED_DEVICE_FAMILY = "1,2";
				TEST_HOST = "$(BUILT_PRODUCTS_DIR)/DYDemo.app/DYDemo";
			};
			name = Release;
		};
		475180B62016CDEC00D34EAA /* Debug */ = {
			isa = XCBuildConfiguration;
			buildSettings = {
				ALWAYS_EMBED_SWIFT_STANDARD_LIBRARIES = YES;
				CODE_SIGN_STYLE = Automatic;
				INFOPLIST_FILE = DYDemoUITests/Info.plist;
				LD_RUNPATH_SEARCH_PATHS = "$(inherited) @executable_path/Frameworks @loader_path/Frameworks";
				PRODUCT_BUNDLE_IDENTIFIER = com.hc.DYDemoUITests;
				PRODUCT_NAME = "$(TARGET_NAME)";
				SWIFT_VERSION = 4.0;
				TARGETED_DEVICE_FAMILY = "1,2";
				TEST_TARGET_NAME = DYDemo;
			};
			name = Debug;
		};
		475180B72016CDEC00D34EAA /* Release */ = {
			isa = XCBuildConfiguration;
			buildSettings = {
				ALWAYS_EMBED_SWIFT_STANDARD_LIBRARIES = YES;
				CODE_SIGN_STYLE = Automatic;
				INFOPLIST_FILE = DYDemoUITests/Info.plist;
				LD_RUNPATH_SEARCH_PATHS = "$(inherited) @executable_path/Frameworks @loader_path/Frameworks";
				PRODUCT_BUNDLE_IDENTIFIER = com.hc.DYDemoUITests;
				PRODUCT_NAME = "$(TARGET_NAME)";
				SWIFT_VERSION = 4.0;
				TARGETED_DEVICE_FAMILY = "1,2";
				TEST_TARGET_NAME = DYDemo;
			};
			name = Release;
		};
/* End XCBuildConfiguration section */

/* Begin XCConfigurationList section */
		475180822016CDEC00D34EAA /* Build configuration list for PBXProject "DYDemo" */ = {
			isa = XCConfigurationList;
			buildConfigurations = (
				475180AD2016CDEC00D34EAA /* Debug */,
				475180AE2016CDEC00D34EAA /* Release */,
			);
			defaultConfigurationIsVisible = 0;
			defaultConfigurationName = Release;
		};
		475180AF2016CDEC00D34EAA /* Build configuration list for PBXNativeTarget "DYDemo" */ = {
			isa = XCConfigurationList;
			buildConfigurations = (
				475180B02016CDEC00D34EAA /* Debug */,
				475180B12016CDEC00D34EAA /* Release */,
			);
			defaultConfigurationIsVisible = 0;
			defaultConfigurationName = Release;
		};
		475180B22016CDEC00D34EAA /* Build configuration list for PBXNativeTarget "DYDemoTests" */ = {
			isa = XCConfigurationList;
			buildConfigurations = (
				475180B32016CDEC00D34EAA /* Debug */,
				475180B42016CDEC00D34EAA /* Release */,
			);
			defaultConfigurationIsVisible = 0;
			defaultConfigurationName = Release;
		};
		475180B52016CDEC00D34EAA /* Build configuration list for PBXNativeTarget "DYDemoUITests" */ = {
			isa = XCConfigurationList;
			buildConfigurations = (
				475180B62016CDEC00D34EAA /* Debug */,
				475180B72016CDEC00D34EAA /* Release */,
			);
			defaultConfigurationIsVisible = 0;
			defaultConfigurationName = Release;
		};
/* End XCConfigurationList section */
	};
	rootObject = 4751807F2016CDEC00D34EAA /* Project object */;
}
